
Microsoft Visual Studio Solution File, Format Version 12.00
# Visual Studio 15
VisualStudioVersion = 15.0.28010.2036
MinimumVisualStudioVersion = 10.0.40219.1
Project("{9A19103F-16F7-4668-BE54-9A1E7A4F7556}") = "CShell", "src\CShell.csproj", "{9705E191-6CF0-4F55-B3E2-C34A81A7FE28}"
EndProject
Project("{FAE04EC0-301F-11D3-BF4B-00C04F79EFBC}") = "CShell.Tests", "Tests\CShell.Tests\CShell.Tests.csproj", "{3EC7173A-D8DB-4CFB-B63E-CBE688AD5C3D}"
EndProject
Global
	GlobalSection(SolutionConfigurationPlatforms) = preSolution
		Debug|Any CPU = Debug|Any CPU
		Release|Any CPU = Release|Any CPU
	EndGlobalSection
	GlobalSection(ProjectConfigurationPlatforms) = postSolution
		{9705E191-6CF0-4F55-B3E2-C34A81A7FE28}.Debug|Any CPU.ActiveCfg = Debug|Any CPU
		{9705E191-6CF0-4F55-B3E2-C34A81A7FE28}.Debug|Any CPU.Build.0 = Debug|Any CPU
		{9705E191-6CF0-4F55-B3E2-C34A81A7FE28}.Release|Any CPU.ActiveCfg = Release|Any CPU
		{9705E191-6CF0-4F55-B3E2-C34A81A7FE28}.Release|Any CPU.Build.0 = Release|Any CPU
		{3EC7173A-D8DB-4CFB-B63E-CBE688AD5C3D}.Debug|Any CPU.ActiveCfg = Debug|Any CPU
		{3EC7173A-D8DB-4CFB-B63E-CBE688AD5C3D}.Debug|Any CPU.Build.0 = Debug|Any CPU
		{3EC7173A-D8DB-4CFB-B63E-CBE688AD5C3D}.Release|Any CPU.ActiveCfg = Release|Any CPU
		{3EC7173A-D8DB-4CFB-B63E-CBE688AD5C3D}.Release|Any CPU.Build.0 = Release|Any CPU
	EndGlobalSection
	GlobalSection(SolutionProperties) = preSolution
		HideSolutionNode = FALSE
	EndGlobalSection
	GlobalSection(ExtensibilityGlobals) = postSolution
		SolutionGuid = {F21757E8-6291-4BCC-AAF7-C9C0B805D67C}
	EndGlobalSection
EndGlobal
